// !$*UTF8*$!
{
	archiveVersion = 1;
	classes = {
	};
	objectVersion = 50;
	objects = {

/* Begin PBXBuildFile section */
		5D3007D1232FDF6900CD6599 /* Nisa.gpx in Resources */ = {isa = PBXBuildFile; fileRef = 5D3007D0232FDF6900CD6599 /* Nisa.gpx */; };
		5D3007D3232FDF7900CD6599 /* Google.gpx in Resources */ = {isa = PBXBuildFile; fileRef = 5D3007D2232FDF7900CD6599 /* Google.gpx */; };
		5D36ABB2232D382000D69E13 /* LocationResultsController.swift in Sources */ = {isa = PBXBuildFile; fileRef = 5D36ABB1232D382000D69E13 /* LocationResultsController.swift */; };
		5D36ABB4232D643F00D69E13 /* LocationNotifacation.swift in Sources */ = {isa = PBXBuildFile; fileRef = 5D36ABB3232D643F00D69E13 /* LocationNotifacation.swift */; };
		5D959F5D232E8B520032658C /* Helpers.swift in Sources */ = {isa = PBXBuildFile; fileRef = 5D959F5C232E8B520032658C /* Helpers.swift */; };
		5DB1AEDE232A773A004B679F /* AppDelegate.swift in Sources */ = {isa = PBXBuildFile; fileRef = 5DB1AEDD232A773A004B679F /* AppDelegate.swift */; };
		5DB1AEE0232A773A004B679F /* LocationNotesController.swift in Sources */ = {isa = PBXBuildFile; fileRef = 5DB1AEDF232A773A004B679F /* LocationNotesController.swift */; };
		5DB1AEE2232A773A004B679F /* DetailViewController.swift in Sources */ = {isa = PBXBuildFile; fileRef = 5DB1AEE1232A773A004B679F /* DetailViewController.swift */; };
		5DB1AEE5232A773A004B679F /* Main.storyboard in Resources */ = {isa = PBXBuildFile; fileRef = 5DB1AEE3232A773A004B679F /* Main.storyboard */; };
		5DB1AEE7232A773A004B679F /* Assets.xcassets in Resources */ = {isa = PBXBuildFile; fileRef = 5DB1AEE6232A773A004B679F /* Assets.xcassets */; };
		5DB1AEEA232A773A004B679F /* LaunchScreen.storyboard in Resources */ = {isa = PBXBuildFile; fileRef = 5DB1AEE8232A773A004B679F /* LaunchScreen.storyboard */; };
		5DB1AEF6232A7FB7004B679F /* AddReminderController.swift in Sources */ = {isa = PBXBuildFile; fileRef = 5DB1AEF5232A7FB7004B679F /* AddReminderController.swift */; };
/* End PBXBuildFile section */

/* Begin PBXFileReference section */
		5D3007D0232FDF6900CD6599 /* Nisa.gpx */ = {isa = PBXFileReference; fileEncoding = 4; lastKnownFileType = text.xml; path = Nisa.gpx; sourceTree = "<group>"; };
		5D3007D2232FDF7900CD6599 /* Google.gpx */ = {isa = PBXFileReference; fileEncoding = 4; lastKnownFileType = text.xml; path = Google.gpx; sourceTree = "<group>"; };
		5D36ABB1232D382000D69E13 /* LocationResultsController.swift */ = {isa = PBXFileReference; lastKnownFileType = sourcecode.swift; path = LocationResultsController.swift; sourceTree = "<group>"; };
		5D36ABB3232D643F00D69E13 /* LocationNotifacation.swift */ = {isa = PBXFileReference; lastKnownFileType = sourcecode.swift; path = LocationNotifacation.swift; sourceTree = "<group>"; };
		5D959F5C232E8B520032658C /* Helpers.swift */ = {isa = PBXFileReference; lastKnownFileType = sourcecode.swift; path = Helpers.swift; sourceTree = "<group>"; };
		5DB1AEDA232A773A004B679F /* LocationReminders.app */ = {isa = PBXFileReference; explicitFileType = wrapper.application; includeInIndex = 0; path = LocationReminders.app; sourceTree = BUILT_PRODUCTS_DIR; };
		5DB1AEDD232A773A004B679F /* AppDelegate.swift */ = {isa = PBXFileReference; lastKnownFileType = sourcecode.swift; path = AppDelegate.swift; sourceTree = "<group>"; };
		5DB1AEDF232A773A004B679F /* LocationNotesController.swift */ = {isa = PBXFileReference; lastKnownFileType = sourcecode.swift; path = LocationNotesController.swift; sourceTree = "<group>"; };
		5DB1AEE1232A773A004B679F /* DetailViewController.swift */ = {isa = PBXFileReference; lastKnownFileType = sourcecode.swift; path = DetailViewController.swift; sourceTree = "<group>"; };
		5DB1AEE4232A773A004B679F /* Base */ = {isa = PBXFileReference; lastKnownFileType = file.storyboard; name = Base; path = Base.lproj/Main.storyboard; sourceTree = "<group>"; };
		5DB1AEE6232A773A004B679F /* Assets.xcassets */ = {isa = PBXFileReference; lastKnownFileType = folder.assetcatalog; path = Assets.xcassets; sourceTree = "<group>"; };
		5DB1AEE9232A773A004B679F /* Base */ = {isa = PBXFileReference; lastKnownFileType = file.storyboard; name = Base; path = Base.lproj/LaunchScreen.storyboard; sourceTree = "<group>"; };
		5DB1AEEB232A773A004B679F /* Info.plist */ = {isa = PBXFileReference; lastKnownFileType = text.plist.xml; path = Info.plist; sourceTree = "<group>"; };
		5DB1AEF5232A7FB7004B679F /* AddReminderController.swift */ = {isa = PBXFileReference; lastKnownFileType = sourcecode.swift; path = AddReminderController.swift; sourceTree = "<group>"; };
/* End PBXFileReference section */

/* Begin PBXFrameworksBuildPhase section */
		5DB1AED7232A773A004B679F /* Frameworks */ = {
			isa = PBXFrameworksBuildPhase;
			buildActionMask = 2147483647;
			files = (
			);
			runOnlyForDeploymentPostprocessing = 0;
		};
/* End PBXFrameworksBuildPhase section */

/* Begin PBXGroup section */
		5D3007CD232FDF1C00CD6599 /* mockLocations */ = {
			isa = PBXGroup;
			children = (
				5D3007D2232FDF7900CD6599 /* Google.gpx */,
				5D3007D0232FDF6900CD6599 /* Nisa.gpx */,
			);
			path = mockLocations;
			sourceTree = "<group>";
		};
		5D36ABAE232D36C300D69E13 /* Helpers */ = {
			isa = PBXGroup;
			children = (
				5D959F5C232E8B520032658C /* Helpers.swift */,
			);
			path = Helpers;
			sourceTree = "<group>";
		};
		5DB1AED1232A773A004B679F = {
			isa = PBXGroup;
			children = (
				5DB1AEDC232A773A004B679F /* LocationReminders */,
				5DB1AEDB232A773A004B679F /* Products */,
			);
			sourceTree = "<group>";
		};
		5DB1AEDB232A773A004B679F /* Products */ = {
			isa = PBXGroup;
			children = (
				5DB1AEDA232A773A004B679F /* LocationReminders.app */,
			);
			name = Products;
			sourceTree = "<group>";
		};
		5DB1AEDC232A773A004B679F /* LocationReminders */ = {
			isa = PBXGroup;
			children = (
				5D36ABAE232D36C300D69E13 /* Helpers */,
				5D3007CD232FDF1C00CD6599 /* mockLocations */,
				5DB1AEF3232A7902004B679F /* Controllers */,
				5DB1AEF2232A78F7004B679F /* Views */,
				5DB1AEF1232A78E4004B679F /* Models */,
				5DB1AEDD232A773A004B679F /* AppDelegate.swift */,
				5DB1AEE6232A773A004B679F /* Assets.xcassets */,
				5DB1AEE8232A773A004B679F /* LaunchScreen.storyboard */,
				5DB1AEEB232A773A004B679F /* Info.plist */,
			);
			path = LocationReminders;
			sourceTree = "<group>";
		};
		5DB1AEF1232A78E4004B679F /* Models */ = {
			isa = PBXGroup;
			children = (
				5D36ABB3232D643F00D69E13 /* LocationNotifacation.swift */,
			);
			path = Models;
			sourceTree = "<group>";
		};
		5DB1AEF2232A78F7004B679F /* Views */ = {
			isa = PBXGroup;
			children = (
				5DB1AEE3232A773A004B679F /* Main.storyboard */,
			);
			path = Views;
			sourceTree = "<group>";
		};
		5DB1AEF3232A7902004B679F /* Controllers */ = {
			isa = PBXGroup;
			children = (
				5DB1AEE1232A773A004B679F /* DetailViewController.swift */,
				5DB1AEDF232A773A004B679F /* LocationNotesController.swift */,
				5DB1AEF5232A7FB7004B679F /* AddReminderController.swift */,
				5D36ABB1232D382000D69E13 /* LocationResultsController.swift */,
			);
			path = Controllers;
			sourceTree = "<group>";
		};
/* End PBXGroup section */

/* Begin PBXNativeTarget section */
		5DB1AED9232A773A004B679F /* LocationReminders */ = {
			isa = PBXNativeTarget;
			buildConfigurationList = 5DB1AEEE232A773A004B679F /* Build configuration list for PBXNativeTarget "LocationReminders" */;
			buildPhases = (
				5DB1AED6232A773A004B679F /* Sources */,
				5DB1AED7232A773A004B679F /* Frameworks */,
				5DB1AED8232A773A004B679F /* Resources */,
			);
			buildRules = (
			);
			dependencies = (
			);
			name = LocationReminders;
			productName = LocationReminders;
			productReference = 5DB1AEDA232A773A004B679F /* LocationReminders.app */;
			productType = "com.apple.product-type.application";
		};
/* End PBXNativeTarget section */

/* Begin PBXProject section */
		5DB1AED2232A773A004B679F /* Project object */ = {
			isa = PBXProject;
			attributes = {
				LastSwiftUpdateCheck = 1030;
				LastUpgradeCheck = 1030;
				ORGANIZATIONNAME = CurtisScott;
				TargetAttributes = {
					5DB1AED9232A773A004B679F = {
						CreatedOnToolsVersion = 10.3;
					};
				};
			};
			buildConfigurationList = 5DB1AED5232A773A004B679F /* Build configuration list for PBXProject "LocationReminders" */;
			compatibilityVersion = "Xcode 9.3";
			developmentRegion = en;
			hasScannedForEncodings = 0;
			knownRegions = (
				en,
				Base,
			);
			mainGroup = 5DB1AED1232A773A004B679F;
			productRefGroup = 5DB1AEDB232A773A004B679F /* Products */;
			projectDirPath = "";
			projectRoot = "";
			targets = (
				5DB1AED9232A773A004B679F /* LocationReminders */,
			);
		};
/* End PBXProject section */

/* Begin PBXResourcesBuildPhase section */
		5DB1AED8232A773A004B679F /* Resources */ = {
			isa = PBXResourcesBuildPhase;
			buildActionMask = 2147483647;
			files = (
				5DB1AEEA232A773A004B679F /* LaunchScreen.storyboard in Resources */,
				5DB1AEE7232A773A004B679F /* Assets.xcassets in Resources */,
				5D3007D3232FDF7900CD6599 /* Google.gpx in Resources */,
				5D3007D1232FDF6900CD6599 /* Nisa.gpx in Resources */,
				5DB1AEE5232A773A004B679F /* Main.storyboard in Resources */,
			);
			runOnlyForDeploymentPostprocessing = 0;
		};
/* End PBXResourcesBuildPhase section */

/* Begin PBXSourcesBuildPhase section */
		5DB1AED6232A773A004B679F /* Sources */ = {
			isa = PBXSourcesBuildPhase;
			buildActionMask = 2147483647;
			files = (
				5DB1AEE2232A773A004B679F /* DetailViewController.swift in Sources */,
				5DB1AEF6232A7FB7004B679F /* AddReminderController.swift in Sources */,
				5D36ABB4232D643F00D69E13 /* LocationNotifacation.swift in Sources */,
				5D36ABB2232D382000D69E13 /* LocationResultsController.swift in Sources */,
				5D959F5D232E8B520032658C /* Helpers.swift in Sources */,
				5DB1AEE0232A773A004B679F /* LocationNotesController.swift in Sources */,
				5DB1AEDE232A773A004B679F /* AppDelegate.swift in Sources */,
			);
			runOnlyForDeploymentPostprocessing = 0;
		};
/* End PBXSourcesBuildPhase section */

/* Begin PBXVariantGroup section */
		5DB1AEE3232A773A004B679F /* Main.storyboard */ = {
			isa = PBXVariantGroup;
			children = (
				5DB1AEE4232A773A004B679F /* Base */,
			);
			name = Main.storyboard;
			sourceTree = "<group>";
		};
		5DB1AEE8232A773A004B679F /* LaunchScreen.storyboard */ = {
			isa = PBXVariantGroup;
			children = (
				5DB1AEE9232A773A004B679F /* Base */,
			);
			name = LaunchScreen.storyboard;
			sourceTree = "<group>";
		};
/* End PBXVariantGroup section */

/* Begin XCBuildConfiguration section */
		5DB1AEEC232A773A004B679F /* Debug */ = {
			isa = XCBuildConfiguration;
			buildSettings = {
				ALWAYS_SEARCH_USER_PATHS = NO;
				CLANG_ANALYZER_NONNULL = YES;
				CLANG_ANALYZER_NUMBER_OBJECT_CONVERSION = YES_AGGRESSIVE;
				CLANG_CXX_LANGUAGE_STANDARD = "gnu++14";
				CLANG_CXX_LIBRARY = "libc++";
				CLANG_ENABLE_MODULES = YES;
				CLANG_ENABLE_OBJC_ARC = YES;
				CLANG_ENABLE_OBJC_WEAK = YES;
				CLANG_WARN_BLOCK_CAPTURE_AUTORELEASING = YES;
				CLANG_WARN_BOOL_CONVERSION = YES;
				CLANG_WARN_COMMA = YES;
				CLANG_WARN_CONSTANT_CONVERSION = YES;
				CLANG_WARN_DEPRECATED_OBJC_IMPLEMENTATIONS = YES;
				CLANG_WARN_DIRECT_OBJC_ISA_USAGE = YES_ERROR;
				CLANG_WARN_DOCUMENTATION_COMMENTS = YES;
				CLANG_WARN_EMPTY_BODY = YES;
				CLANG_WARN_ENUM_CONVERSION = YES;
				CLANG_WARN_INFINITE_RECURSION = YES;
				CLANG_WARN_INT_CONVERSION = YES;
				CLANG_WARN_NON_LITERAL_NULL_CONVERSION = YES;
				CLANG_WARN_OBJC_IMPLICIT_RETAIN_SELF = YES;
				CLANG_WARN_OBJC_LITERAL_CONVERSION = YES;
				CLANG_WARN_OBJC_ROOT_CLASS = YES_ERROR;
				CLANG_WARN_RANGE_LOOP_ANALYSIS = YES;
				CLANG_WARN_STRICT_PROTOTYPES = YES;
				CLANG_WARN_SUSPICIOUS_MOVE = YES;
				CLANG_WARN_UNGUARDED_AVAILABILITY = YES_AGGRESSIVE;
				CLANG_WARN_UNREACHABLE_CODE = YES;
				CLANG_WARN__DUPLICATE_METHOD_MATCH = YES;
				CODE_SIGN_IDENTITY = "iPhone Developer";
				COPY_PHASE_STRIP = NO;
				DEBUG_INFORMATION_FORMAT = dwarf;
				ENABLE_STRICT_OBJC_MSGSEND = YES;
				ENABLE_TESTABILITY = YES;
				GCC_C_LANGUAGE_STANDARD = gnu11;
				GCC_DYNAMIC_NO_PIC = NO;
				GCC_NO_COMMON_BLOCKS = YES;
				GCC_OPTIMIZATION_LEVEL = 0;
				GCC_PREPROCESSOR_DEFINITIONS = (
					"DEBUG=1",
					"$(inherited)",
				);
				GCC_WARN_64_TO_32_BIT_CONVERSION = YES;
				GCC_WARN_ABOUT_RETURN_TYPE = YES_ERROR;
				GCC_WARN_UNDECLARED_SELECTOR = YES;
				GCC_WARN_UNINITIALIZED_AUTOS = YES_AGGRESSIVE;
				GCC_WARN_UNUSED_FUNCTION = YES;
				GCC_WARN_UNUSED_VARIABLE = YES;
				IPHONEOS_DEPLOYMENT_TARGET = 12.4;
				MTL_ENABLE_DEBUG_INFO = INCLUDE_SOURCE;
				MTL_FAST_MATH = YES;
				ONLY_ACTIVE_ARCH = YES;
				SDKROOT = iphoneos;
				SWIFT_ACTIVE_COMPILATION_CONDITIONS = DEBUG;
				SWIFT_OPTIMIZATION_LEVEL = "-Onone";
			};
			name = Debug;
		};
		5DB1AEED232A773A004B679F /* Release */ = {
			isa = XCBuildConfiguration;
			buildSettings = {
				ALWAYS_SEARCH_USER_PATHS = NO;
				CLANG_ANALYZER_NONNULL = YES;
				CLANG_ANALYZER_NUMBER_OBJECT_CONVERSION = YES_AGGRESSIVE;
				CLANG_CXX_LANGUAGE_STANDARD = "gnu++14";
				CLANG_CXX_LIBRARY = "libc++";
				CLANG_ENABLE_MODULES = YES;
				CLANG_ENABLE_OBJC_ARC = YES;
				CLANG_ENABLE_OBJC_WEAK = YES;
				CLANG_WARN_BLOCK_CAPTURE_AUTORELEASING = YES;
				CLANG_WARN_BOOL_CONVERSION = YES;
				CLANG_WARN_COMMA = YES;
				CLANG_WARN_CONSTANT_CONVERSION = YES;
				CLANG_WARN_DEPRECATED_OBJC_IMPLEMENTATIONS = YES;
				CLANG_WARN_DIRECT_OBJC_ISA_USAGE = YES_ERROR;
				CLANG_WARN_DOCUMENTATION_COMMENTS = YES;
				CLANG_WARN_EMPTY_BODY = YES;
				CLANG_WARN_ENUM_CONVERSION = YES;
				CLANG_WARN_INFINITE_RECURSION = YES;
				CLANG_WARN_INT_CONVERSION = YES;
				CLANG_WARN_NON_LITERAL_NULL_CONVERSION = YES;
				CLANG_WARN_OBJC_IMPLICIT_RETAIN_SELF = YES;
				CLANG_WARN_OBJC_LITERAL_CONVERSION = YES;
				CLANG_WARN_OBJC_ROOT_CLASS = YES_ERROR;
				CLANG_WARN_RANGE_LOOP_ANALYSIS = YES;
				CLANG_WARN_STRICT_PROTOTYPES = YES;
				CLANG_WARN_SUSPICIOUS_MOVE = YES;
				CLANG_WARN_UNGUARDED_AVAILABILITY = YES_AGGRESSIVE;
				CLANG_WARN_UNREACHABLE_CODE = YES;
				CLANG_WARN__DUPLICATE_METHOD_MATCH = YES;
				CODE_SIGN_IDENTITY = "iPhone Developer";
				COPY_PHASE_STRIP = NO;
				DEBUG_INFORMATION_FORMAT = "dwarf-with-dsym";
				ENABLE_NS_ASSERTIONS = NO;
				ENABLE_STRICT_OBJC_MSGSEND = YES;
				GCC_C_LANGUAGE_STANDARD = gnu11;
				GCC_NO_COMMON_BLOCKS = YES;
				GCC_WARN_64_TO_32_BIT_CONVERSION = YES;
				GCC_WARN_ABOUT_RETURN_TYPE = YES_ERROR;
				GCC_WARN_UNDECLARED_SELECTOR = YES;
				GCC_WARN_UNINITIALIZED_AUTOS = YES_AGGRESSIVE;
				GCC_WARN_UNUSED_FUNCTION = YES;
				GCC_WARN_UNUSED_VARIABLE = YES;
				IPHONEOS_DEPLOYMENT_TARGET = 12.4;
				MTL_ENABLE_DEBUG_INFO = NO;
				MTL_FAST_MATH = YES;
				SDKROOT = iphoneos;
				SWIFT_COMPILATION_MODE = wholemodule;
				SWIFT_OPTIMIZATION_LEVEL = "-O";
				VALIDATE_PRODUCT = YES;
			};
			name = Release;
		};
		5DB1AEEF232A773A004B679F /* Debug */ = {
			isa = XCBuildConfiguration;
			buildSettings = {
				ASSETCATALOG_COMPILER_APPICON_NAME = AppIcon;
				CODE_SIGN_STYLE = Automatic;
				DEVELOPMENT_TEAM = 2KG7A9SR4C;
				INFOPLIST_FILE = LocationReminders/Info.plist;
				LD_RUNPATH_SEARCH_PATHS = (
					"$(inherited)",
					"@executable_path/Frameworks",
				);
				PRODUCT_BUNDLE_IDENTIFIER = co.uk.curtisscott.LocationReminders;
				PRODUCT_NAME = "$(TARGET_NAME)";
				SWIFT_VERSION = 5.0;
				TARGETED_DEVICE_FAMILY = "1,2";
			};
			name = Debug;
		};
		5DB1AEF0232A773A004B679F /* Release */ = {
			isa = XCBuildConfiguration;
			buildSettings = {
				ASSETCATALOG_COMPILER_APPICON_NAME = AppIcon;
				CODE_SIGN_STYLE = Automatic;
				DEVELOPMENT_TEAM = 2KG7A9SR4C;
				INFOPLIST_FILE = LocationReminders/Info.plist;
				LD_RUNPATH_SEARCH_PATHS = (
					"$(inherited)",
					"@executable_path/Frameworks",
				);
				PRODUCT_BUNDLE_IDENTIFIER = co.uk.curtisscott.LocationReminders;
				PRODUCT_NAME = "$(TARGET_NAME)";
				SWIFT_VERSION = 5.0;
				TARGETED_DEVICE_FAMILY = "1,2";
			};
			name = Release;
		};
/* End XCBuildConfiguration section */

/* Begin XCConfigurationList section */
		5DB1AED5232A773A004B679F /* Build configuration list for PBXProject "LocationReminders" */ = {
			isa = XCConfigurationList;
			buildConfigurations = (
				5DB1AEEC232A773A004B679F /* Debug */,
				5DB1AEED232A773A004B679F /* Release */,
			);
			defaultConfigurationIsVisible = 0;
			defaultConfigurationName = Release;
		};
		5DB1AEEE232A773A004B679F /* Build configuration list for PBXNativeTarget "LocationReminders" */ = {
			isa = XCConfigurationList;
			buildConfigurations = (
				5DB1AEEF232A773A004B679F /* Debug */,
				5DB1AEF0232A773A004B679F /* Release */,
			);
			defaultConfigurationIsVisible = 0;
			defaultConfigurationName = Release;
		};
/* End XCConfigurationList section */
	};
	rootObject = 5DB1AED2232A773A004B679F /* Project object */;
}
